
Microsoft Visual Studio Solution File, Format Version 12.00
# Visual Studio Version 17
VisualStudioVersion = 17.13.35931.197 d17.13
MinimumVisualStudioVersion = 10.0.40219.1
Project("{FAE04EC0-301F-11D3-BF4B-00C04F79EFBC}") = "AspNetCoreIdentityApp.Web", "AspNetCoreIdentityApp.Web\AspNetCoreIdentityApp.Web.csproj", "{B9F5E8D3-0039-4D44-B913-9970925AF86A}"
EndProject
Global
	GlobalSection(SolutionConfigurationPlatforms) = preSolution
		Debug|Any CPU = Debug|Any CPU
		Release|Any CPU = Release|Any CPU
	EndGlobalSection
	GlobalSection(ProjectConfigurationPlatforms) = postSolution
		{B9F5E8D3-0039-4D44-B913-9970925AF86A}.Debug|Any CPU.ActiveCfg = Debug|Any CPU
		{B9F5E8D3-0039-4D44-B913-9970925AF86A}.Debug|Any CPU.Build.0 = Debug|Any CPU
		{B9F5E8D3-0039-4D44-B913-9970925AF86A}.Release|Any CPU.ActiveCfg = Release|Any CPU
		{B9F5E8D3-0039-4D44-B913-9970925AF86A}.Release|Any CPU.Build.0 = Release|Any CPU
	EndGlobalSection
	GlobalSection(SolutionProperties) = preSolution
		HideSolutionNode = FALSE
	EndGlobalSection
	GlobalSection(ExtensibilityGlobals) = postSolution
		SolutionGuid = {6CCF03F3-F02F-40F8-83BC-7B319C0BFE07}
	EndGlobalSection
EndGlobal
